PODS:
  - CircleMenu (1.0.6)
  - PopupController (0.1.0)
  - RSPlayPauseButton (1.0.1)

DEPENDENCIES:
  - CircleMenu (~> 1.0.0)
  - PopupController
  - RSPlayPauseButton (~> 1.0)

SPEC CHECKSUMS:
  CircleMenu: 8a019654446b003f796a7da5826153cf6f168205
  PopupController: fb329de274ab0cf9bf1f2758074287600082de1d
  RSPlayPauseButton: 9def027a1259ded3a6ecfeb0e57df1775ff22fb0

PODFILE CHECKSUM: 6c171966a339e059b8f80132a29506e2fad3a7aa

COCOAPODS: 1.0.1
