// !$*UTF8*$!
{
	archiveVersion = 1;
	classes = {
	};
	objectVersion = 46;
	objects = {

/* Begin PBXBuildFile section */
		2B0095B51D7A12CC00812FD7 /* AppDelegate.swift in Sources */ = {isa = PBXBuildFile; fileRef = 2B0095B41D7A12CC00812FD7 /* AppDelegate.swift */; };
		2B0095B71D7A12CC00812FD7 /* ViewController.swift in Sources */ = {isa = PBXBuildFile; fileRef = 2B0095B61D7A12CC00812FD7 /* ViewController.swift */; };
		2B0095BA1D7A12CC00812FD7 /* Main.storyboard in Resources */ = {isa = PBXBuildFile; fileRef = 2B0095B81D7A12CC00812FD7 /* Main.storyboard */; };
		2B0095BC1D7A12CC00812FD7 /* Assets.xcassets in Resources */ = {isa = PBXBuildFile; fileRef = 2B0095BB1D7A12CC00812FD7 /* Assets.xcassets */; };
		2B0095BF1D7A12CC00812FD7 /* LaunchScreen.storyboard in Resources */ = {isa = PBXBuildFile; fileRef = 2B0095BD1D7A12CC00812FD7 /* LaunchScreen.storyboard */; };
		2BCB57541D81D93200C12C65 /* InstrucoesViewController.swift in Sources */ = {isa = PBXBuildFile; fileRef = 2BCB57531D81D93200C12C65 /* InstrucoesViewController.swift */; };
		4DFDF79093F98A09EF622119 /* Pods_handWashReminder.framework in Frameworks */ = {isa = PBXBuildFile; fileRef = B7B1C49386E6CCC9828D5179 /* Pods_handWashReminder.framework */; };
		4E1B380E1D92E66E007A1DEB /* CustomView.swift in Sources */ = {isa = PBXBuildFile; fileRef = 4E1B380C1D92E66E007A1DEB /* CustomView.swift */; };
		4E1B380F1D92E66E007A1DEB /* CustomView.xib in Resources */ = {isa = PBXBuildFile; fileRef = 4E1B380D1D92E66E007A1DEB /* CustomView.xib */; };
		4E33BB9D1DAD364A00CD6495 /* SimplePlist.swift in Sources */ = {isa = PBXBuildFile; fileRef = 4E33BB9C1DAD364A00CD6495 /* SimplePlist.swift */; };
		4E33BB9F1DAD36E900CD6495 /* Curiosidades.plist in Resources */ = {isa = PBXBuildFile; fileRef = 4E33BB9E1DAD36E900CD6495 /* Curiosidades.plist */; };
		4E33BBA11DAD37D500CD6495 /* DAO.swift in Sources */ = {isa = PBXBuildFile; fileRef = 4E33BBA01DAD37D500CD6495 /* DAO.swift */; };
		4E33BBA31DAD46C100CD6495 /* Helper.swift in Sources */ = {isa = PBXBuildFile; fileRef = 4E33BBA21DAD46C100CD6495 /* Helper.swift */; };
		4E4826681E3A7C6C0094D92F /* IBDesignable.swift in Sources */ = {isa = PBXBuildFile; fileRef = 4E4826671E3A7C6C0094D92F /* IBDesignable.swift */; };
		4E4A11371DAD526800CE02EE /* PassoAPasso.plist in Resources */ = {isa = PBXBuildFile; fileRef = 4E4A11361DAD526800CE02EE /* PassoAPasso.plist */; };
		4E4A113B1DAD545100CE02EE /* DAOPassos.swift in Sources */ = {isa = PBXBuildFile; fileRef = 4E4A113A1DAD545100CE02EE /* DAOPassos.swift */; };
		4E4A11421DAFC5EB00CE02EE /* PopupDIcas.swift in Sources */ = {isa = PBXBuildFile; fileRef = 4E4A11411DAFC5EB00CE02EE /* PopupDIcas.swift */; };
		4E4A11461DAFCBF200CE02EE /* PopUpViewControllerDicas.storyboard in Resources */ = {isa = PBXBuildFile; fileRef = 4E4A11451DAFCBF200CE02EE /* PopUpViewControllerDicas.storyboard */; };
		4E4A114A1DAFDD4500CE02EE /* Dicas.plist in Resources */ = {isa = PBXBuildFile; fileRef = 4E4A11491DAFDD4500CE02EE /* Dicas.plist */; };
		4E4A114D1DAFDE3100CE02EE /* Dicas.swift in Sources */ = {isa = PBXBuildFile; fileRef = 4E4A114C1DAFDE3100CE02EE /* Dicas.swift */; };
		4E4A114F1DB05FB200CE02EE /* ButtonAnimation.swift in Sources */ = {isa = PBXBuildFile; fileRef = 4E4A114E1DB05FB200CE02EE /* ButtonAnimation.swift */; };
		4E5B2C771D8B563D009C74B6 /* PopUpViewController.swift in Sources */ = {isa = PBXBuildFile; fileRef = 4E5B2C761D8B563D009C74B6 /* PopUpViewController.swift */; };
		4E5B2C791D8B56D8009C74B6 /* PopUpViewController.storyboard in Resources */ = {isa = PBXBuildFile; fileRef = 4E5B2C781D8B56D8009C74B6 /* PopUpViewController.storyboard */; };
		4E7F89EC1D86FB36002B00B1 /* iCarousel.m in Sources */ = {isa = PBXBuildFile; fileRef = 4E7F89EB1D86FB36002B00B1 /* iCarousel.m */; };
		4E7F89EE1D86FB60002B00B1 /* PassoViewController.swift in Sources */ = {isa = PBXBuildFile; fileRef = 4E7F89ED1D86FB60002B00B1 /* PassoViewController.swift */; };
		4E9730751D922021002FA267 /* CircleTimer.m in Sources */ = {isa = PBXBuildFile; fileRef = 4E9730741D922021002FA267 /* CircleTimer.m */; };
		4EEBD9911D90634300E5C2AA /* AKPickerView.swift in Sources */ = {isa = PBXBuildFile; fileRef = 4EEBD9901D90634300E5C2AA /* AKPickerView.swift */; };
		EB0B8B4A1D9208ED00EF0753 /* View.swift in Sources */ = {isa = PBXBuildFile; fileRef = EB0B8B491D9208ED00EF0753 /* View.swift */; };
		EB2F95E21D7CC23C00A2744E /* NotificationViewController.swift in Sources */ = {isa = PBXBuildFile; fileRef = EB2F95E11D7CC23C00A2744E /* NotificationViewController.swift */; };
		EB2F95E41D7CCA3100A2744E /* SegmentedControl.swift in Sources */ = {isa = PBXBuildFile; fileRef = EB2F95E31D7CCA3100A2744E /* SegmentedControl.swift */; };
/* End PBXBuildFile section */

/* Begin PBXFileReference section */
		1DBA5727F8E31955A26DA610 /* Pods-handWashReminder.debug.xcconfig */ = {isa = PBXFileReference; includeInIndex = 1; lastKnownFileType = text.xcconfig; name = "Pods-handWashReminder.debug.xcconfig"; path = "Pods/Target Support Files/Pods-handWashReminder/Pods-handWashReminder.debug.xcconfig"; sourceTree = "<group>"; };
		2B0095B11D7A12CC00812FD7 /* handWashReminder.app */ = {isa = PBXFileReference; explicitFileType = wrapper.application; includeInIndex = 0; path = handWashReminder.app; sourceTree = BUILT_PRODUCTS_DIR; };
		2B0095B41D7A12CC00812FD7 /* AppDelegate.swift */ = {isa = PBXFileReference; lastKnownFileType = sourcecode.swift; path = AppDelegate.swift; sourceTree = "<group>"; };
		2B0095B61D7A12CC00812FD7 /* ViewController.swift */ = {isa = PBXFileReference; lastKnownFileType = sourcecode.swift; path = ViewController.swift; sourceTree = "<group>"; };
		2B0095B91D7A12CC00812FD7 /* Base */ = {isa = PBXFileReference; lastKnownFileType = file.storyboard; name = Base; path = Base.lproj/Main.storyboard; sourceTree = "<group>"; };
		2B0095BB1D7A12CC00812FD7 /* Assets.xcassets */ = {isa = PBXFileReference; lastKnownFileType = folder.assetcatalog; path = Assets.xcassets; sourceTree = "<group>"; };
		2B0095BE1D7A12CC00812FD7 /* Base */ = {isa = PBXFileReference; lastKnownFileType = file.storyboard; name = Base; path = Base.lproj/LaunchScreen.storyboard; sourceTree = "<group>"; };
		2B0095C01D7A12CC00812FD7 /* Info.plist */ = {isa = PBXFileReference; lastKnownFileType = text.plist.xml; path = Info.plist; sourceTree = "<group>"; };
		2BCB57531D81D93200C12C65 /* InstrucoesViewController.swift */ = {isa = PBXFileReference; fileEncoding = 4; lastKnownFileType = sourcecode.swift; path = InstrucoesViewController.swift; sourceTree = "<group>"; };
		4E1B380C1D92E66E007A1DEB /* CustomView.swift */ = {isa = PBXFileReference; fileEncoding = 4; lastKnownFileType = sourcecode.swift; path = CustomView.swift; sourceTree = "<group>"; };
		4E1B380D1D92E66E007A1DEB /* CustomView.xib */ = {isa = PBXFileReference; fileEncoding = 4; lastKnownFileType = file.xib; path = CustomView.xib; sourceTree = "<group>"; };
		4E33BB9C1DAD364A00CD6495 /* SimplePlist.swift */ = {isa = PBXFileReference; fileEncoding = 4; lastKnownFileType = sourcecode.swift; path = SimplePlist.swift; sourceTree = "<group>"; };
		4E33BB9E1DAD36E900CD6495 /* Curiosidades.plist */ = {isa = PBXFileReference; fileEncoding = 4; lastKnownFileType = text.plist.xml; path = Curiosidades.plist; sourceTree = "<group>"; };
		4E33BBA01DAD37D500CD6495 /* DAO.swift */ = {isa = PBXFileReference; fileEncoding = 4; lastKnownFileType = sourcecode.swift; path = DAO.swift; sourceTree = "<group>"; };
		4E33BBA21DAD46C100CD6495 /* Helper.swift */ = {isa = PBXFileReference; fileEncoding = 4; lastKnownFileType = sourcecode.swift; path = Helper.swift; sourceTree = "<group>"; };
		4E4826671E3A7C6C0094D92F /* IBDesignable.swift */ = {isa = PBXFileReference; fileEncoding = 4; lastKnownFileType = sourcecode.swift; path = IBDesignable.swift; sourceTree = "<group>"; };
		4E4A11361DAD526800CE02EE /* PassoAPasso.plist */ = {isa = PBXFileReference; fileEncoding = 4; lastKnownFileType = text.plist.xml; path = PassoAPasso.plist; sourceTree = "<group>"; };
		4E4A113A1DAD545100CE02EE /* DAOPassos.swift */ = {isa = PBXFileReference; fileEncoding = 4; lastKnownFileType = sourcecode.swift; path = DAOPassos.swift; sourceTree = "<group>"; };
		4E4A11411DAFC5EB00CE02EE /* PopupDIcas.swift */ = {isa = PBXFileReference; fileEncoding = 4; lastKnownFileType = sourcecode.swift; path = PopupDIcas.swift; sourceTree = "<group>"; };
		4E4A11451DAFCBF200CE02EE /* PopUpViewControllerDicas.storyboard */ = {isa = PBXFileReference; fileEncoding = 4; lastKnownFileType = file.storyboard; path = PopUpViewControllerDicas.storyboard; sourceTree = "<group>"; };
		4E4A11491DAFDD4500CE02EE /* Dicas.plist */ = {isa = PBXFileReference; fileEncoding = 4; lastKnownFileType = text.plist.xml; path = Dicas.plist; sourceTree = "<group>"; };
		4E4A114C1DAFDE3100CE02EE /* Dicas.swift */ = {isa = PBXFileReference; fileEncoding = 4; lastKnownFileType = sourcecode.swift; path = Dicas.swift; sourceTree = "<group>"; };
		4E4A114E1DB05FB200CE02EE /* ButtonAnimation.swift */ = {isa = PBXFileReference; fileEncoding = 4; lastKnownFileType = sourcecode.swift; name = ButtonAnimation.swift; path = ../ButtonAnimation.swift; sourceTree = "<group>"; };
		4E5B2C761D8B563D009C74B6 /* PopUpViewController.swift */ = {isa = PBXFileReference; fileEncoding = 4; lastKnownFileType = sourcecode.swift; path = PopUpViewController.swift; sourceTree = "<group>"; };
		4E5B2C781D8B56D8009C74B6 /* PopUpViewController.storyboard */ = {isa = PBXFileReference; fileEncoding = 4; lastKnownFileType = file.storyboard; path = PopUpViewController.storyboard; sourceTree = "<group>"; };
		4E7F89E91D86FB35002B00B1 /* handWashReminder-Bridging-Header.h */ = {isa = PBXFileReference; lastKnownFileType = sourcecode.c.h; path = "handWashReminder-Bridging-Header.h"; sourceTree = "<group>"; };
		4E7F89EA1D86FB36002B00B1 /* iCarousel.h */ = {isa = PBXFileReference; fileEncoding = 4; lastKnownFileType = sourcecode.c.h; path = iCarousel.h; sourceTree = "<group>"; };
		4E7F89EB1D86FB36002B00B1 /* iCarousel.m */ = {isa = PBXFileReference; fileEncoding = 4; lastKnownFileType = sourcecode.c.objc; path = iCarousel.m; sourceTree = "<group>"; };
		4E7F89ED1D86FB60002B00B1 /* PassoViewController.swift */ = {isa = PBXFileReference; fileEncoding = 4; lastKnownFileType = sourcecode.swift; path = PassoViewController.swift; sourceTree = "<group>"; };
		4E9730731D922021002FA267 /* CircleTimer.h */ = {isa = PBXFileReference; fileEncoding = 4; lastKnownFileType = sourcecode.c.h; path = CircleTimer.h; sourceTree = "<group>"; };
		4E9730741D922021002FA267 /* CircleTimer.m */ = {isa = PBXFileReference; fileEncoding = 4; lastKnownFileType = sourcecode.c.objc; path = CircleTimer.m; sourceTree = "<group>"; };
		4EEBD9901D90634300E5C2AA /* AKPickerView.swift */ = {isa = PBXFileReference; fileEncoding = 4; lastKnownFileType = sourcecode.swift; path = AKPickerView.swift; sourceTree = "<group>"; };
		B7B1C49386E6CCC9828D5179 /* Pods_handWashReminder.framework */ = {isa = PBXFileReference; explicitFileType = wrapper.framework; includeInIndex = 0; path = Pods_handWashReminder.framework; sourceTree = BUILT_PRODUCTS_DIR; };
		C52451D28781A8455DF2DCA6 /* Pods-handWashReminder.release.xcconfig */ = {isa = PBXFileReference; includeInIndex = 1; lastKnownFileType = text.xcconfig; name = "Pods-handWashReminder.release.xcconfig"; path = "Pods/Target Support Files/Pods-handWashReminder/Pods-handWashReminder.release.xcconfig"; sourceTree = "<group>"; };
		EB0B8B491D9208ED00EF0753 /* View.swift */ = {isa = PBXFileReference; fileEncoding = 4; lastKnownFileType = sourcecode.swift; path = View.swift; sourceTree = "<group>"; };
		EB2F95E11D7CC23C00A2744E /* NotificationViewController.swift */ = {isa = PBXFileReference; fileEncoding = 4; lastKnownFileType = sourcecode.swift; path = NotificationViewController.swift; sourceTree = "<group>"; };
		EB2F95E31D7CCA3100A2744E /* SegmentedControl.swift */ = {isa = PBXFileReference; fileEncoding = 4; lastKnownFileType = sourcecode.swift; path = SegmentedControl.swift; sourceTree = "<group>"; };
/* End PBXFileReference section */

/* Begin PBXFrameworksBuildPhase section */
		2B0095AE1D7A12CC00812FD7 /* Frameworks */ = {
			isa = PBXFrameworksBuildPhase;
			buildActionMask = 2147483647;
			files = (
				4DFDF79093F98A09EF622119 /* Pods_handWashReminder.framework in Frameworks */,
			);
			runOnlyForDeploymentPostprocessing = 0;
		};
/* End PBXFrameworksBuildPhase section */

/* Begin PBXGroup section */
		2B0095A81D7A12CC00812FD7 = {
			isa = PBXGroup;
			children = (
				4E4A11491DAFDD4500CE02EE /* Dicas.plist */,
				4E4A11361DAD526800CE02EE /* PassoAPasso.plist */,
				4E33BB9E1DAD36E900CD6495 /* Curiosidades.plist */,
				2B0095B31D7A12CC00812FD7 /* handWashReminder */,
				2B0095B21D7A12CC00812FD7 /* Products */,
				A3D41F512DFA447ECC473D98 /* Pods */,
				7F592DCDA49DA55588332603 /* Frameworks */,
			);
			sourceTree = "<group>";
		};
		2B0095B21D7A12CC00812FD7 /* Products */ = {
			isa = PBXGroup;
			children = (
				2B0095B11D7A12CC00812FD7 /* handWashReminder.app */,
			);
			name = Products;
			sourceTree = "<group>";
		};
		2B0095B31D7A12CC00812FD7 /* handWashReminder */ = {
			isa = PBXGroup;
			children = (
				4E4A11501DB0651700CE02EE /* Animação */,
				4E33BB9B1DAD363400CD6495 /* DAO */,
				4E7F89E71D86FB0E002B00B1 /* Frameworks */,
				EB6BCC8D1D8396AB00211438 /* Other */,
				EB6BCC8F1D8396C600211438 /* View Controllers */,
				EB6BCC8E1D8396BA00211438 /* Classes */,
				EB6BCC8B1D83968B00211438 /* Storyboard */,
				EB6BCC8C1D83969C00211438 /* Assets */,
			);
			path = handWashReminder;
			sourceTree = "<group>";
		};
		4E1B380B1D9220A1007A1DEB /* iCarouselCell */ = {
			isa = PBXGroup;
			children = (
				4E1B380C1D92E66E007A1DEB /* CustomView.swift */,
				4E1B380D1D92E66E007A1DEB /* CustomView.xib */,
			);
			name = iCarouselCell;
			sourceTree = "<group>";
		};
		4E33BB9B1DAD363400CD6495 /* DAO */ = {
			isa = PBXGroup;
			children = (
				4E4A114B1DAFDE1600CE02EE /* Dicas */,
				4E4A11391DAD543600CE02EE /* Passo a Passo */,
				4E4A11381DAD53ED00CE02EE /* Curiosidades */,
				4E33BB9C1DAD364A00CD6495 /* SimplePlist.swift */,
			);
			name = DAO;
			sourceTree = "<group>";
		};
		4E4A11381DAD53ED00CE02EE /* Curiosidades */ = {
			isa = PBXGroup;
			children = (
				4E33BBA01DAD37D500CD6495 /* DAO.swift */,
			);
			name = Curiosidades;
			sourceTree = "<group>";
		};
		4E4A11391DAD543600CE02EE /* Passo a Passo */ = {
			isa = PBXGroup;
			children = (
				4E4A113A1DAD545100CE02EE /* DAOPassos.swift */,
			);
			name = "Passo a Passo";
			sourceTree = "<group>";
		};
		4E4A113C1DAFC52500CE02EE /* PopupDicas */ = {
			isa = PBXGroup;
			children = (
				4E4A11411DAFC5EB00CE02EE /* PopupDIcas.swift */,
				4E4A11451DAFCBF200CE02EE /* PopUpViewControllerDicas.storyboard */,
			);
			name = PopupDicas;
			sourceTree = "<group>";
		};
		4E4A114B1DAFDE1600CE02EE /* Dicas */ = {
			isa = PBXGroup;
			children = (
				4E4A114C1DAFDE3100CE02EE /* Dicas.swift */,
			);
			name = Dicas;
			sourceTree = "<group>";
		};
		4E4A11501DB0651700CE02EE /* Animação */ = {
			isa = PBXGroup;
			children = (
				4E4A114E1DB05FB200CE02EE /* ButtonAnimation.swift */,
			);
			name = "Animação";
			sourceTree = "<group>";
		};
		4E5B2C751D8B5624009C74B6 /* PopupCuriosidades */ = {
			isa = PBXGroup;
			children = (
				4E5B2C761D8B563D009C74B6 /* PopUpViewController.swift */,
				4E5B2C781D8B56D8009C74B6 /* PopUpViewController.storyboard */,
			);
			name = PopupCuriosidades;
			sourceTree = "<group>";
		};
		4E7F89E71D86FB0E002B00B1 /* Frameworks */ = {
			isa = PBXGroup;
			children = (
				4E7F89E91D86FB35002B00B1 /* handWashReminder-Bridging-Header.h */,
				4E9730721D922012002FA267 /* CircleTimer */,
				4EEBD98F1D90632900E5C2AA /* AKPickerView */,
				4E7F89E81D86FB17002B00B1 /* iCarousel */,
			);
			name = Frameworks;
			sourceTree = "<group>";
		};
		4E7F89E81D86FB17002B00B1 /* iCarousel */ = {
			isa = PBXGroup;
			children = (
				4E7F89EA1D86FB36002B00B1 /* iCarousel.h */,
				4E7F89EB1D86FB36002B00B1 /* iCarousel.m */,
			);
			name = iCarousel;
			sourceTree = "<group>";
		};
		4E9730721D922012002FA267 /* CircleTimer */ = {
			isa = PBXGroup;
			children = (
				4E9730731D922021002FA267 /* CircleTimer.h */,
				4E9730741D922021002FA267 /* CircleTimer.m */,
			);
			name = CircleTimer;
			sourceTree = "<group>";
		};
		4EEBD98F1D90632900E5C2AA /* AKPickerView */ = {
			isa = PBXGroup;
			children = (
				4EEBD9901D90634300E5C2AA /* AKPickerView.swift */,
			);
			name = AKPickerView;
			sourceTree = "<group>";
		};
		7F592DCDA49DA55588332603 /* Frameworks */ = {
			isa = PBXGroup;
			children = (
				B7B1C49386E6CCC9828D5179 /* Pods_handWashReminder.framework */,
			);
			name = Frameworks;
			sourceTree = "<group>";
		};
		A3D41F512DFA447ECC473D98 /* Pods */ = {
			isa = PBXGroup;
			children = (
				1DBA5727F8E31955A26DA610 /* Pods-handWashReminder.debug.xcconfig */,
				C52451D28781A8455DF2DCA6 /* Pods-handWashReminder.release.xcconfig */,
			);
			name = Pods;
			sourceTree = "<group>";
		};
		EB6BCC8B1D83968B00211438 /* Storyboard */ = {
			isa = PBXGroup;
			children = (
				2B0095B81D7A12CC00812FD7 /* Main.storyboard */,
				2B0095BD1D7A12CC00812FD7 /* LaunchScreen.storyboard */,
			);
			name = Storyboard;
			sourceTree = "<group>";
		};
		EB6BCC8C1D83969C00211438 /* Assets */ = {
			isa = PBXGroup;
			children = (
				2B0095BB1D7A12CC00812FD7 /* Assets.xcassets */,
			);
			name = Assets;
			sourceTree = "<group>";
		};
		EB6BCC8D1D8396AB00211438 /* Other */ = {
			isa = PBXGroup;
			children = (
				2B0095B41D7A12CC00812FD7 /* AppDelegate.swift */,
				2B0095C01D7A12CC00812FD7 /* Info.plist */,
			);
			name = Other;
			sourceTree = "<group>";
		};
		EB6BCC8E1D8396BA00211438 /* Classes */ = {
			isa = PBXGroup;
			children = (
				EB2F95E31D7CCA3100A2744E /* SegmentedControl.swift */,
				EB0B8B491D9208ED00EF0753 /* View.swift */,
				4E33BBA21DAD46C100CD6495 /* Helper.swift */,
				4E4826671E3A7C6C0094D92F /* IBDesignable.swift */,
			);
			name = Classes;
			sourceTree = "<group>";
		};
		EB6BCC8F1D8396C600211438 /* View Controllers */ = {
			isa = PBXGroup;
			children = (
				4E1B380B1D9220A1007A1DEB /* iCarouselCell */,
				4E5B2C751D8B5624009C74B6 /* PopupCuriosidades */,
				4E4A113C1DAFC52500CE02EE /* PopupDicas */,
				2B0095B61D7A12CC00812FD7 /* ViewController.swift */,
				EB2F95E11D7CC23C00A2744E /* NotificationViewController.swift */,
				2BCB57531D81D93200C12C65 /* InstrucoesViewController.swift */,
				4E7F89ED1D86FB60002B00B1 /* PassoViewController.swift */,
			);
			name = "View Controllers";
			sourceTree = "<group>";
		};
/* End PBXGroup section */

/* Begin PBXNativeTarget section */
		2B0095B01D7A12CC00812FD7 /* handWashReminder */ = {
			isa = PBXNativeTarget;
			buildConfigurationList = 2B0095C31D7A12CC00812FD7 /* Build configuration list for PBXNativeTarget "handWashReminder" */;
			buildPhases = (
				6C08E92CA91B1DDDA8534D41 /* [CP] Check Pods Manifest.lock */,
				2B0095AD1D7A12CC00812FD7 /* Sources */,
				2B0095AE1D7A12CC00812FD7 /* Frameworks */,
				2B0095AF1D7A12CC00812FD7 /* Resources */,
				56EC07C640611DD79F75C3AF /* [CP] Embed Pods Frameworks */,
				662A9A200005C0281B797668 /* [CP] Copy Pods Resources */,
			);
			buildRules = (
			);
			dependencies = (
			);
			name = handWashReminder;
			productName = handWashReminder;
			productReference = 2B0095B11D7A12CC00812FD7 /* handWashReminder.app */;
			productType = "com.apple.product-type.application";
		};
/* End PBXNativeTarget section */

/* Begin PBXProject section */
		2B0095A91D7A12CC00812FD7 /* Project object */ = {
			isa = PBXProject;
			attributes = {
				LastSwiftUpdateCheck = 0730;
				LastUpgradeCheck = 0820;
				ORGANIZATIONNAME = Bepid;
				TargetAttributes = {
					2B0095B01D7A12CC00812FD7 = {
						CreatedOnToolsVersion = 7.3.1;
						DevelopmentTeam = BUK6UDW987;
						LastSwiftMigration = 0820;
					};
				};
			};
			buildConfigurationList = 2B0095AC1D7A12CC00812FD7 /* Build configuration list for PBXProject "handWashReminder" */;
			compatibilityVersion = "Xcode 3.2";
			developmentRegion = English;
			hasScannedForEncodings = 0;
			knownRegions = (
				en,
				Base,
			);
			mainGroup = 2B0095A81D7A12CC00812FD7;
			productRefGroup = 2B0095B21D7A12CC00812FD7 /* Products */;
			projectDirPath = "";
			projectRoot = "";
			targets = (
				2B0095B01D7A12CC00812FD7 /* handWashReminder */,
			);
		};
/* End PBXProject section */

/* Begin PBXResourcesBuildPhase section */
		2B0095AF1D7A12CC00812FD7 /* Resources */ = {
			isa = PBXResourcesBuildPhase;
			buildActionMask = 2147483647;
			files = (
				4E5B2C791D8B56D8009C74B6 /* PopUpViewController.storyboard in Resources */,
				4E33BB9F1DAD36E900CD6495 /* Curiosidades.plist in Resources */,
				4E4A114A1DAFDD4500CE02EE /* Dicas.plist in Resources */,
				4E1B380F1D92E66E007A1DEB /* CustomView.xib in Resources */,
				4E4A11371DAD526800CE02EE /* PassoAPasso.plist in Resources */,
				4E4A11461DAFCBF200CE02EE /* PopUpViewControllerDicas.storyboard in Resources */,
				2B0095BF1D7A12CC00812FD7 /* LaunchScreen.storyboard in Resources */,
				2B0095BC1D7A12CC00812FD7 /* Assets.xcassets in Resources */,
				2B0095BA1D7A12CC00812FD7 /* Main.storyboard in Resources */,
			);
			runOnlyForDeploymentPostprocessing = 0;
		};
/* End PBXResourcesBuildPhase section */

/* Begin PBXShellScriptBuildPhase section */
		56EC07C640611DD79F75C3AF /* [CP] Embed Pods Frameworks */ = {
			isa = PBXShellScriptBuildPhase;
			buildActionMask = 2147483647;
			files = (
			);
			inputPaths = (
			);
			name = "[CP] Embed Pods Frameworks";
			outputPaths = (
			);
			runOnlyForDeploymentPostprocessing = 0;
			shellPath = /bin/sh;
			shellScript = "\"${SRCROOT}/Pods/Target Support Files/Pods-handWashReminder/Pods-handWashReminder-frameworks.sh\"\n";
			showEnvVarsInLog = 0;
		};
		662A9A200005C0281B797668 /* [CP] Copy Pods Resources */ = {
			isa = PBXShellScriptBuildPhase;
			buildActionMask = 2147483647;
			files = (
			);
			inputPaths = (
			);
			name = "[CP] Copy Pods Resources";
			outputPaths = (
			);
			runOnlyForDeploymentPostprocessing = 0;
			shellPath = /bin/sh;
			shellScript = "\"${SRCROOT}/Pods/Target Support Files/Pods-handWashReminder/Pods-handWashReminder-resources.sh\"\n";
			showEnvVarsInLog = 0;
		};
		6C08E92CA91B1DDDA8534D41 /* [CP] Check Pods Manifest.lock */ = {
			isa = PBXShellScriptBuildPhase;
			buildActionMask = 2147483647;
			files = (
			);
			inputPaths = (
			);
			name = "[CP] Check Pods Manifest.lock";
			outputPaths = (
			);
			runOnlyForDeploymentPostprocessing = 0;
			shellPath = /bin/sh;
			shellScript = "diff \"${PODS_ROOT}/../Podfile.lock\" \"${PODS_ROOT}/Manifest.lock\" > /dev/null\nif [[ $? != 0 ]] ; then\n    cat << EOM\nerror: The sandbox is not in sync with the Podfile.lock. Run 'pod install' or update your CocoaPods installation.\nEOM\n    exit 1\nfi\n";
			showEnvVarsInLog = 0;
		};
/* End PBXShellScriptBuildPhase section */

/* Begin PBXSourcesBuildPhase section */
		2B0095AD1D7A12CC00812FD7 /* Sources */ = {
			isa = PBXSourcesBuildPhase;
			buildActionMask = 2147483647;
			files = (
				4E4A114F1DB05FB200CE02EE /* ButtonAnimation.swift in Sources */,
				4EEBD9911D90634300E5C2AA /* AKPickerView.swift in Sources */,
				2B0095B71D7A12CC00812FD7 /* ViewController.swift in Sources */,
				4E33BB9D1DAD364A00CD6495 /* SimplePlist.swift in Sources */,
				4E7F89EE1D86FB60002B00B1 /* PassoViewController.swift in Sources */,
				4E9730751D922021002FA267 /* CircleTimer.m in Sources */,
				2BCB57541D81D93200C12C65 /* InstrucoesViewController.swift in Sources */,
				4E4A114D1DAFDE3100CE02EE /* Dicas.swift in Sources */,
				4E33BBA31DAD46C100CD6495 /* Helper.swift in Sources */,
				4E4A113B1DAD545100CE02EE /* DAOPassos.swift in Sources */,
				4E1B380E1D92E66E007A1DEB /* CustomView.swift in Sources */,
				2B0095B51D7A12CC00812FD7 /* AppDelegate.swift in Sources */,
				4E33BBA11DAD37D500CD6495 /* DAO.swift in Sources */,
				EB2F95E41D7CCA3100A2744E /* SegmentedControl.swift in Sources */,
				4E4A11421DAFC5EB00CE02EE /* PopupDIcas.swift in Sources */,
				4E7F89EC1D86FB36002B00B1 /* iCarousel.m in Sources */,
				4E5B2C771D8B563D009C74B6 /* PopUpViewController.swift in Sources */,
				EB0B8B4A1D9208ED00EF0753 /* View.swift in Sources */,
				4E4826681E3A7C6C0094D92F /* IBDesignable.swift in Sources */,
				EB2F95E21D7CC23C00A2744E /* NotificationViewController.swift in Sources */,
			);
			runOnlyForDeploymentPostprocessing = 0;
		};
/* End PBXSourcesBuildPhase section */

/* Begin PBXVariantGroup section */
		2B0095B81D7A12CC00812FD7 /* Main.storyboard */ = {
			isa = PBXVariantGroup;
			children = (
				2B0095B91D7A12CC00812FD7 /* Base */,
			);
			name = Main.storyboard;
			sourceTree = "<group>";
		};
		2B0095BD1D7A12CC00812FD7 /* LaunchScreen.storyboard */ = {
			isa = PBXVariantGroup;
			children = (
				2B0095BE1D7A12CC00812FD7 /* Base */,
			);
			name = LaunchScreen.storyboard;
			sourceTree = "<group>";
		};
/* End PBXVariantGroup section */

/* Begin XCBuildConfiguration section */
		2B0095C11D7A12CC00812FD7 /* Debug */ = {
			isa = XCBuildConfiguration;
			buildSettings = {
				ALWAYS_SEARCH_USER_PATHS = NO;
				CLANG_ANALYZER_NONNULL = YES;
				CLANG_CXX_LANGUAGE_STANDARD = "gnu++0x";
				CLANG_CXX_LIBRARY = "libc++";
				CLANG_ENABLE_MODULES = YES;
				CLANG_ENABLE_OBJC_ARC = YES;
				CLANG_WARN_BOOL_CONVERSION = YES;
				CLANG_WARN_CONSTANT_CONVERSION = YES;
				CLANG_WARN_DIRECT_OBJC_ISA_USAGE = YES_ERROR;
				CLANG_WARN_EMPTY_BODY = YES;
				CLANG_WARN_ENUM_CONVERSION = YES;
				CLANG_WARN_INFINITE_RECURSION = YES;
				CLANG_WARN_INT_CONVERSION = YES;
				CLANG_WARN_OBJC_ROOT_CLASS = YES_ERROR;
				CLANG_WARN_SUSPICIOUS_MOVE = YES;
				CLANG_WARN_UNREACHABLE_CODE = YES;
				CLANG_WARN__DUPLICATE_METHOD_MATCH = YES;
				"CODE_SIGN_IDENTITY[sdk=iphoneos*]" = "iPhone Developer";
				COPY_PHASE_STRIP = NO;
				DEBUG_INFORMATION_FORMAT = dwarf;
				ENABLE_STRICT_OBJC_MSGSEND = YES;
				ENABLE_TESTABILITY = YES;
				GCC_C_LANGUAGE_STANDARD = gnu99;
				GCC_DYNAMIC_NO_PIC = NO;
				GCC_NO_COMMON_BLOCKS = YES;
				GCC_OPTIMIZATION_LEVEL = 0;
				GCC_PREPROCESSOR_DEFINITIONS = (
					"DEBUG=1",
					"$(inherited)",
				);
				GCC_WARN_64_TO_32_BIT_CONVERSION = YES;
				GCC_WARN_ABOUT_RETURN_TYPE = YES_ERROR;
				GCC_WARN_UNDECLARED_SELECTOR = YES;
				GCC_WARN_UNINITIALIZED_AUTOS = YES_AGGRESSIVE;
				GCC_WARN_UNUSED_FUNCTION = YES;
				GCC_WARN_UNUSED_VARIABLE = YES;
				IPHONEOS_DEPLOYMENT_TARGET = 9.3;
				MTL_ENABLE_DEBUG_INFO = YES;
				ONLY_ACTIVE_ARCH = YES;
				SDKROOT = iphoneos;
				SWIFT_OPTIMIZATION_LEVEL = "-Onone";
			};
			name = Debug;
		};
		2B0095C21D7A12CC00812FD7 /* Release */ = {
			isa = XCBuildConfiguration;
			buildSettings = {
				ALWAYS_SEARCH_USER_PATHS = NO;
				CLANG_ANALYZER_NONNULL = YES;
				CLANG_CXX_LANGUAGE_STANDARD = "gnu++0x";
				CLANG_CXX_LIBRARY = "libc++";
				CLANG_ENABLE_MODULES = YES;
				CLANG_ENABLE_OBJC_ARC = YES;
				CLANG_WARN_BOOL_CONVERSION = YES;
				CLANG_WARN_CONSTANT_CONVERSION = YES;
				CLANG_WARN_DIRECT_OBJC_ISA_USAGE = YES_ERROR;
				CLANG_WARN_EMPTY_BODY = YES;
				CLANG_WARN_ENUM_CONVERSION = YES;
				CLANG_WARN_INFINITE_RECURSION = YES;
				CLANG_WARN_INT_CONVERSION = YES;
				CLANG_WARN_OBJC_ROOT_CLASS = YES_ERROR;
				CLANG_WARN_SUSPICIOUS_MOVE = YES;
				CLANG_WARN_UNREACHABLE_CODE = YES;
				CLANG_WARN__DUPLICATE_METHOD_MATCH = YES;
				"CODE_SIGN_IDENTITY[sdk=iphoneos*]" = "iPhone Developer";
				COPY_PHASE_STRIP = NO;
				DEBUG_INFORMATION_FORMAT = "dwarf-with-dsym";
				ENABLE_NS_ASSERTIONS = NO;
				ENABLE_STRICT_OBJC_MSGSEND = YES;
				GCC_C_LANGUAGE_STANDARD = gnu99;
				GCC_NO_COMMON_BLOCKS = YES;
				GCC_WARN_64_TO_32_BIT_CONVERSION = YES;
				GCC_WARN_ABOUT_RETURN_TYPE = YES_ERROR;
				GCC_WARN_UNDECLARED_SELECTOR = YES;
				GCC_WARN_UNINITIALIZED_AUTOS = YES_AGGRESSIVE;
				GCC_WARN_UNUSED_FUNCTION = YES;
				GCC_WARN_UNUSED_VARIABLE = YES;
				IPHONEOS_DEPLOYMENT_TARGET = 9.3;
				MTL_ENABLE_DEBUG_INFO = NO;
				SDKROOT = iphoneos;
				SWIFT_OPTIMIZATION_LEVEL = "-Owholemodule";
				VALIDATE_PRODUCT = YES;
			};
			name = Release;
		};
		2B0095C41D7A12CC00812FD7 /* Debug */ = {
			isa = XCBuildConfiguration;
			baseConfigurationReference = 1DBA5727F8E31955A26DA610 /* Pods-handWashReminder.debug.xcconfig */;
			buildSettings = {
				ALWAYS_EMBED_SWIFT_STANDARD_LIBRARIES = YES;
				ASSETCATALOG_COMPILER_APPICON_NAME = AppIcon;
				CLANG_ENABLE_MODULES = YES;
				DEVELOPMENT_TEAM = BUK6UDW987;
				INFOPLIST_FILE = handWashReminder/Info.plist;
				IPHONEOS_DEPLOYMENT_TARGET = 10.0;
				LD_RUNPATH_SEARCH_PATHS = "$(inherited) @executable_path/Frameworks";
				PRODUCT_BUNDLE_IDENTIFIER = com.Luisa.handWashReminder;
				PRODUCT_NAME = "$(TARGET_NAME)";
				SWIFT_OBJC_BRIDGING_HEADER = "handWashReminder/handWashReminder-Bridging-Header.h";
				SWIFT_OPTIMIZATION_LEVEL = "-Onone";
				SWIFT_VERSION = 3.0;
			};
			name = Debug;
		};
		2B0095C51D7A12CC00812FD7 /* Release */ = {
			isa = XCBuildConfiguration;
			baseConfigurationReference = C52451D28781A8455DF2DCA6 /* Pods-handWashReminder.release.xcconfig */;
			buildSettings = {
				ALWAYS_EMBED_SWIFT_STANDARD_LIBRARIES = YES;
				ASSETCATALOG_COMPILER_APPICON_NAME = AppIcon;
				CLANG_ENABLE_MODULES = YES;
				DEVELOPMENT_TEAM = BUK6UDW987;
				INFOPLIST_FILE = handWashReminder/Info.plist;
				IPHONEOS_DEPLOYMENT_TARGET = 10.0;
				LD_RUNPATH_SEARCH_PATHS = "$(inherited) @executable_path/Frameworks";
				PRODUCT_BUNDLE_IDENTIFIER = com.Luisa.handWashReminder;
				PRODUCT_NAME = "$(TARGET_NAME)";
				SWIFT_OBJC_BRIDGING_HEADER = "handWashReminder/handWashReminder-Bridging-Header.h";
				SWIFT_VERSION = 3.0;
			};
			name = Release;
		};
/* End XCBuildConfiguration section */

/* Begin XCConfigurationList section */
		2B0095AC1D7A12CC00812FD7 /* Build configuration list for PBXProject "handWashReminder" */ = {
			isa = XCConfigurationList;
			buildConfigurations = (
				2B0095C11D7A12CC00812FD7 /* Debug */,
				2B0095C21D7A12CC00812FD7 /* Release */,
			);
			defaultConfigurationIsVisible = 0;
			defaultConfigurationName = Release;
		};
		2B0095C31D7A12CC00812FD7 /* Build configuration list for PBXNativeTarget "handWashReminder" */ = {
			isa = XCConfigurationList;
			buildConfigurations = (
				2B0095C41D7A12CC00812FD7 /* Debug */,
				2B0095C51D7A12CC00812FD7 /* Release */,
			);
			defaultConfigurationIsVisible = 0;
			defaultConfigurationName = Release;
		};
/* End XCConfigurationList section */
	};
	rootObject = 2B0095A91D7A12CC00812FD7 /* Project object */;
}
